// !$*UTF8*$!
{
	archiveVersion = 1;
	classes = {
	};
	objectVersion = 46;
	objects = {

/* Begin PBXBuildFile section */
		CF238D951D68DB9200BE3152 /* AppDelegate.swift in Sources */ = {isa = PBXBuildFile; fileRef = CF238D941D68DB9200BE3152 /* AppDelegate.swift */; };
		CF238D9A1D68DB9200BE3152 /* Main.storyboard in Resources */ = {isa = PBXBuildFile; fileRef = CF238D981D68DB9200BE3152 /* Main.storyboard */; };
		CF238D9C1D68DB9200BE3152 /* Assets.xcassets in Resources */ = {isa = PBXBuildFile; fileRef = CF238D9B1D68DB9200BE3152 /* Assets.xcassets */; };
		CF238D9F1D68DB9200BE3152 /* LaunchScreen.storyboard in Resources */ = {isa = PBXBuildFile; fileRef = CF238D9D1D68DB9200BE3152 /* LaunchScreen.storyboard */; };
		CF238DAA1D68DB9200BE3152 /* JournalTests.swift in Sources */ = {isa = PBXBuildFile; fileRef = CF238DA91D68DB9200BE3152 /* JournalTests.swift */; };
		CF7E02771DB2A5C500D85ECC /* Stack.swift in Sources */ = {isa = PBXBuildFile; fileRef = CF7E02761DB2A5C500D85ECC /* Stack.swift */; };
		CF7E027A1DB46A7E00D85ECC /* Model.xcdatamodeld in Sources */ = {isa = PBXBuildFile; fileRef = CF7E02781DB46A7E00D85ECC /* Model.xcdatamodeld */; };
		CF7E027F1DB46C9F00D85ECC /* Entry+CoreDataProperties.swift in Sources */ = {isa = PBXBuildFile; fileRef = CF7E027B1DB46C9F00D85ECC /* Entry+CoreDataProperties.swift */; };
		CF7E02801DB46C9F00D85ECC /* Entry.swift in Sources */ = {isa = PBXBuildFile; fileRef = CF7E027C1DB46C9F00D85ECC /* Entry.swift */; };
		CF7E02811DB46C9F00D85ECC /* Journal+CoreDataProperties.swift in Sources */ = {isa = PBXBuildFile; fileRef = CF7E027D1DB46C9F00D85ECC /* Journal+CoreDataProperties.swift */; };
		CF7E02821DB46C9F00D85ECC /* Journal.swift in Sources */ = {isa = PBXBuildFile; fileRef = CF7E027E1DB46C9F00D85ECC /* Journal.swift */; };
		CF7E02841DB46FA400D85ECC /* JournalController.swift in Sources */ = {isa = PBXBuildFile; fileRef = CF7E02831DB46FA400D85ECC /* JournalController.swift */; };
		CF8F62281D6BEB9A009842EC /* EntryListTableViewController.swift in Sources */ = {isa = PBXBuildFile; fileRef = CF8F62271D6BEB9A009842EC /* EntryListTableViewController.swift */; };
		CF8F622A1D6BF438009842EC /* EntryDetailViewController.swift in Sources */ = {isa = PBXBuildFile; fileRef = CF8F62291D6BF438009842EC /* EntryDetailViewController.swift */; };
		CFF38F321D6D456100ADA4B7 /* JournalListTableViewController.swift in Sources */ = {isa = PBXBuildFile; fileRef = CFF38F311D6D456100ADA4B7 /* JournalListTableViewController.swift */; };
/* End PBXBuildFile section */

/* Begin PBXContainerItemProxy section */
		CF238DA61D68DB9200BE3152 /* PBXContainerItemProxy */ = {
			isa = PBXContainerItemProxy;
			containerPortal = CF238D891D68DB9200BE3152 /* Project object */;
			proxyType = 1;
			remoteGlobalIDString = CF238D901D68DB9200BE3152;
			remoteInfo = Journal;
		};
/* End PBXContainerItemProxy section */

/* Begin PBXFileReference section */
		CF238D911D68DB9200BE3152 /* Journal.app */ = {isa = PBXFileReference; explicitFileType = wrapper.application; includeInIndex = 0; path = Journal.app; sourceTree = BUILT_PRODUCTS_DIR; };
		CF238D941D68DB9200BE3152 /* AppDelegate.swift */ = {isa = PBXFileReference; lastKnownFileType = sourcecode.swift; path = AppDelegate.swift; sourceTree = "<group>"; };
		CF238D991D68DB9200BE3152 /* Base */ = {isa = PBXFileReference; lastKnownFileType = file.storyboard; name = Base; path = Base.lproj/Main.storyboard; sourceTree = "<group>"; };
		CF238D9B1D68DB9200BE3152 /* Assets.xcassets */ = {isa = PBXFileReference; lastKnownFileType = folder.assetcatalog; path = Assets.xcassets; sourceTree = "<group>"; };
		CF238D9E1D68DB9200BE3152 /* Base */ = {isa = PBXFileReference; lastKnownFileType = file.storyboard; name = Base; path = Base.lproj/LaunchScreen.storyboard; sourceTree = "<group>"; };
		CF238DA01D68DB9200BE3152 /* Info.plist */ = {isa = PBXFileReference; lastKnownFileType = text.plist.xml; path = Info.plist; sourceTree = "<group>"; };
		CF238DA51D68DB9200BE3152 /* JournalTests.xctest */ = {isa = PBXFileReference; explicitFileType = wrapper.cfbundle; includeInIndex = 0; path = JournalTests.xctest; sourceTree = BUILT_PRODUCTS_DIR; };
		CF238DA91D68DB9200BE3152 /* JournalTests.swift */ = {isa = PBXFileReference; lastKnownFileType = sourcecode.swift; path = JournalTests.swift; sourceTree = "<group>"; };
		CF238DAB1D68DB9200BE3152 /* Info.plist */ = {isa = PBXFileReference; lastKnownFileType = text.plist.xml; path = Info.plist; sourceTree = "<group>"; };
		CF7E02761DB2A5C500D85ECC /* Stack.swift */ = {isa = PBXFileReference; fileEncoding = 4; lastKnownFileType = sourcecode.swift; path = Stack.swift; sourceTree = "<group>"; };
		CF7E02791DB46A7E00D85ECC /* Model.xcdatamodel */ = {isa = PBXFileReference; lastKnownFileType = wrapper.xcdatamodel; path = Model.xcdatamodel; sourceTree = "<group>"; };
		CF7E027B1DB46C9F00D85ECC /* Entry+CoreDataProperties.swift */ = {isa = PBXFileReference; fileEncoding = 4; lastKnownFileType = sourcecode.swift; path = "Entry+CoreDataProperties.swift"; sourceTree = "<group>"; };
		CF7E027C1DB46C9F00D85ECC /* Entry.swift */ = {isa = PBXFileReference; fileEncoding = 4; lastKnownFileType = sourcecode.swift; path = Entry.swift; sourceTree = "<group>"; };
		CF7E027D1DB46C9F00D85ECC /* Journal+CoreDataProperties.swift */ = {isa = PBXFileReference; fileEncoding = 4; lastKnownFileType = sourcecode.swift; path = "Journal+CoreDataProperties.swift"; sourceTree = "<group>"; };
		CF7E027E1DB46C9F00D85ECC /* Journal.swift */ = {isa = PBXFileReference; fileEncoding = 4; lastKnownFileType = sourcecode.swift; path = Journal.swift; sourceTree = "<group>"; };
		CF7E02831DB46FA400D85ECC /* JournalController.swift */ = {isa = PBXFileReference; fileEncoding = 4; lastKnownFileType = sourcecode.swift; path = JournalController.swift; sourceTree = "<group>"; };
		CF8F62271D6BEB9A009842EC /* EntryListTableViewController.swift */ = {isa = PBXFileReference; fileEncoding = 4; lastKnownFileType = sourcecode.swift; path = EntryListTableViewController.swift; sourceTree = "<group>"; };
		CF8F62291D6BF438009842EC /* EntryDetailViewController.swift */ = {isa = PBXFileReference; fileEncoding = 4; lastKnownFileType = sourcecode.swift; path = EntryDetailViewController.swift; sourceTree = "<group>"; };
		CFF38F311D6D456100ADA4B7 /* JournalListTableViewController.swift */ = {isa = PBXFileReference; fileEncoding = 4; lastKnownFileType = sourcecode.swift; path = JournalListTableViewController.swift; sourceTree = "<group>"; };
/* End PBXFileReference section */

/* Begin PBXFrameworksBuildPhase section */
		CF238D8E1D68DB9200BE3152 /* Frameworks */ = {
			isa = PBXFrameworksBuildPhase;
			buildActionMask = 2147483647;
			files = (
			);
			runOnlyForDeploymentPostprocessing = 0;
		};
		CF238DA21D68DB9200BE3152 /* Frameworks */ = {
			isa = PBXFrameworksBuildPhase;
			buildActionMask = 2147483647;
			files = (
			);
			runOnlyForDeploymentPostprocessing = 0;
		};
/* End PBXFrameworksBuildPhase section */

/* Begin PBXGroup section */
		CF238D881D68DB9200BE3152 = {
			isa = PBXGroup;
			children = (
				CF238D931D68DB9200BE3152 /* Journal */,
				CF238DA81D68DB9200BE3152 /* JournalTests */,
				CF238D921D68DB9200BE3152 /* Products */,
			);
			sourceTree = "<group>";
		};
		CF238D921D68DB9200BE3152 /* Products */ = {
			isa = PBXGroup;
			children = (
				CF238D911D68DB9200BE3152 /* Journal.app */,
				CF238DA51D68DB9200BE3152 /* JournalTests.xctest */,
			);
			name = Products;
			sourceTree = "<group>";
		};
		CF238D931D68DB9200BE3152 /* Journal */ = {
			isa = PBXGroup;
			children = (
				CF7E02731DB2906700D85ECC /* ViewControllers */,
				CF7E02751DB2907D00D85ECC /* ModelControllers */,
				CF7E02741DB2907300D85ECC /* ModelObjects */,
				CF7E02711DB2903600D85ECC /* Storyboards */,
				CF7E02721DB2904E00D85ECC /* Core */,
			);
			path = Journal;
			sourceTree = "<group>";
		};
		CF238DA81D68DB9200BE3152 /* JournalTests */ = {
			isa = PBXGroup;
			children = (
				CF238DA91D68DB9200BE3152 /* JournalTests.swift */,
				CF238DAB1D68DB9200BE3152 /* Info.plist */,
			);
			path = JournalTests;
			sourceTree = "<group>";
		};
		CF7E02711DB2903600D85ECC /* Storyboards */ = {
			isa = PBXGroup;
			children = (
				CF238D981D68DB9200BE3152 /* Main.storyboard */,
				CF238D9D1D68DB9200BE3152 /* LaunchScreen.storyboard */,
			);
			name = Storyboards;
			sourceTree = "<group>";
		};
		CF7E02721DB2904E00D85ECC /* Core */ = {
			isa = PBXGroup;
			children = (
				CF238D941D68DB9200BE3152 /* AppDelegate.swift */,
				CF7E02761DB2A5C500D85ECC /* Stack.swift */,
				CF7E02781DB46A7E00D85ECC /* Model.xcdatamodeld */,
				CF238DA01D68DB9200BE3152 /* Info.plist */,
				CF238D9B1D68DB9200BE3152 /* Assets.xcassets */,
			);
			name = Core;
			sourceTree = "<group>";
		};
		CF7E02731DB2906700D85ECC /* ViewControllers */ = {
			isa = PBXGroup;
			children = (
				CFF38F311D6D456100ADA4B7 /* JournalListTableViewController.swift */,
				CF8F62271D6BEB9A009842EC /* EntryListTableViewController.swift */,
				CF8F62291D6BF438009842EC /* EntryDetailViewController.swift */,
			);
			name = ViewControllers;
			sourceTree = "<group>";
		};
		CF7E02741DB2907300D85ECC /* ModelObjects */ = {
			isa = PBXGroup;
			children = (
				CF7E027B1DB46C9F00D85ECC /* Entry+CoreDataProperties.swift */,
				CF7E027C1DB46C9F00D85ECC /* Entry.swift */,
				CF7E027D1DB46C9F00D85ECC /* Journal+CoreDataProperties.swift */,
				CF7E027E1DB46C9F00D85ECC /* Journal.swift */,
			);
			name = ModelObjects;
			sourceTree = "<group>";
		};
		CF7E02751DB2907D00D85ECC /* ModelControllers */ = {
			isa = PBXGroup;
			children = (
				CF7E02831DB46FA400D85ECC /* JournalController.swift */,
			);
			name = ModelControllers;
			sourceTree = "<group>";
		};
/* End PBXGroup section */

/* Begin PBXNativeTarget section */
		CF238D901D68DB9200BE3152 /* Journal */ = {
			isa = PBXNativeTarget;
			buildConfigurationList = CF238DAE1D68DB9200BE3152 /* Build configuration list for PBXNativeTarget "Journal" */;
			buildPhases = (
				CF238D8D1D68DB9200BE3152 /* Sources */,
				CF238D8E1D68DB9200BE3152 /* Frameworks */,
				CF238D8F1D68DB9200BE3152 /* Resources */,
			);
			buildRules = (
			);
			dependencies = (
			);
			name = Journal;
			productName = Journal;
			productReference = CF238D911D68DB9200BE3152 /* Journal.app */;
			productType = "com.apple.product-type.application";
		};
		CF238DA41D68DB9200BE3152 /* JournalTests */ = {
			isa = PBXNativeTarget;
			buildConfigurationList = CF238DB11D68DB9200BE3152 /* Build configuration list for PBXNativeTarget "JournalTests" */;
			buildPhases = (
				CF238DA11D68DB9200BE3152 /* Sources */,
				CF238DA21D68DB9200BE3152 /* Frameworks */,
				CF238DA31D68DB9200BE3152 /* Resources */,
			);
			buildRules = (
			);
			dependencies = (
				CF238DA71D68DB9200BE3152 /* PBXTargetDependency */,
			);
			name = JournalTests;
			productName = JournalTests;
			productReference = CF238DA51D68DB9200BE3152 /* JournalTests.xctest */;
			productType = "com.apple.product-type.bundle.unit-test";
		};
/* End PBXNativeTarget section */

/* Begin PBXProject section */
		CF238D891D68DB9200BE3152 /* Project object */ = {
			isa = PBXProject;
			attributes = {
				LastSwiftUpdateCheck = 0730;
				LastUpgradeCheck = 0730;
				ORGANIZATIONNAME = "Wesley Austin";
				TargetAttributes = {
					CF238D901D68DB9200BE3152 = {
						CreatedOnToolsVersion = 7.3.1;
						DevelopmentTeam = W3D53EV83R;
					};
					CF238DA41D68DB9200BE3152 = {
						CreatedOnToolsVersion = 7.3.1;
						TestTargetID = CF238D901D68DB9200BE3152;
					};
				};
			};
			buildConfigurationList = CF238D8C1D68DB9200BE3152 /* Build configuration list for PBXProject "Journal" */;
			compatibilityVersion = "Xcode 3.2";
			developmentRegion = English;
			hasScannedForEncodings = 0;
			knownRegions = (
				en,
				Base,
			);
			mainGroup = CF238D881D68DB9200BE3152;
			productRefGroup = CF238D921D68DB9200BE3152 /* Products */;
			projectDirPath = "";
			projectRoot = "";
			targets = (
				CF238D901D68DB9200BE3152 /* Journal */,
				CF238DA41D68DB9200BE3152 /* JournalTests */,
			);
		};
/* End PBXProject section */

/* Begin PBXResourcesBuildPhase section */
		CF238D8F1D68DB9200BE3152 /* Resources */ = {
			isa = PBXResourcesBuildPhase;
			buildActionMask = 2147483647;
			files = (
				CF238D9F1D68DB9200BE3152 /* LaunchScreen.storyboard in Resources */,
				CF238D9C1D68DB9200BE3152 /* Assets.xcassets in Resources */,
				CF238D9A1D68DB9200BE3152 /* Main.storyboard in Resources */,
			);
			runOnlyForDeploymentPostprocessing = 0;
		};
		CF238DA31D68DB9200BE3152 /* Resources */ = {
			isa = PBXResourcesBuildPhase;
			buildActionMask = 2147483647;
			files = (
			);
			runOnlyForDeploymentPostprocessing = 0;
		};
/* End PBXResourcesBuildPhase section */

/* Begin PBXSourcesBuildPhase section */
		CF238D8D1D68DB9200BE3152 /* Sources */ = {
			isa = PBXSourcesBuildPhase;
			buildActionMask = 2147483647;
			files = (
				CF7E02801DB46C9F00D85ECC /* Entry.swift in Sources */,
				CF7E02821DB46C9F00D85ECC /* Journal.swift in Sources */,
				CF8F62281D6BEB9A009842EC /* EntryListTableViewController.swift in Sources */,
				CF7E02841DB46FA400D85ECC /* JournalController.swift in Sources */,
				CF7E027F1DB46C9F00D85ECC /* Entry+CoreDataProperties.swift in Sources */,
				CF8F622A1D6BF438009842EC /* EntryDetailViewController.swift in Sources */,
				CF7E02771DB2A5C500D85ECC /* Stack.swift in Sources */,
				CF7E027A1DB46A7E00D85ECC /* Model.xcdatamodeld in Sources */,
				CFF38F321D6D456100ADA4B7 /* JournalListTableViewController.swift in Sources */,
				CF7E02811DB46C9F00D85ECC /* Journal+CoreDataProperties.swift in Sources */,
				CF238D951D68DB9200BE3152 /* AppDelegate.swift in Sources */,
			);
			runOnlyForDeploymentPostprocessing = 0;
		};
		CF238DA11D68DB9200BE3152 /* Sources */ = {
			isa = PBXSourcesBuildPhase;
			buildActionMask = 2147483647;
			files = (
				CF238DAA1D68DB9200BE3152 /* JournalTests.swift in Sources */,
			);
			runOnlyForDeploymentPostprocessing = 0;
		};
/* End PBXSourcesBuildPhase section */

/* Begin PBXTargetDependency section */
		CF238DA71D68DB9200BE3152 /* PBXTargetDependency */ = {
			isa = PBXTargetDependency;
			target = CF238D901D68DB9200BE3152 /* Journal */;
			targetProxy = CF238DA61D68DB9200BE3152 /* PBXContainerItemProxy */;
		};
/* End PBXTargetDependency section */

/* Begin PBXVariantGroup section */
		CF238D981D68DB9200BE3152 /* Main.storyboard */ = {
			isa = PBXVariantGroup;
			children = (
				CF238D991D68DB9200BE3152 /* Base */,
			);
			name = Main.storyboard;
			sourceTree = "<group>";
		};
		CF238D9D1D68DB9200BE3152 /* LaunchScreen.storyboard */ = {
			isa = PBXVariantGroup;
			children = (
				CF238D9E1D68DB9200BE3152 /* Base */,
			);
			name = LaunchScreen.storyboard;
			sourceTree = "<group>";
		};
/* End PBXVariantGroup section */

/* Begin XCBuildConfiguration section */
		CF238DAC1D68DB9200BE3152 /* Debug */ = {
			isa = XCBuildConfiguration;
			buildSettings = {
				ALWAYS_SEARCH_USER_PATHS = NO;
				CLANG_ANALYZER_NONNULL = YES;
				CLANG_CXX_LANGUAGE_STANDARD = "gnu++0x";
				CLANG_CXX_LIBRARY = "libc++";
				CLANG_ENABLE_MODULES = YES;
				CLANG_ENABLE_OBJC_ARC = YES;
				CLANG_WARN_BOOL_CONVERSION = YES;
				CLANG_WARN_CONSTANT_CONVERSION = YES;
				CLANG_WARN_DIRECT_OBJC_ISA_USAGE = YES_ERROR;
				CLANG_WARN_EMPTY_BODY = YES;
				CLANG_WARN_ENUM_CONVERSION = YES;
				CLANG_WARN_INT_CONVERSION = YES;
				CLANG_WARN_OBJC_ROOT_CLASS = YES_ERROR;
				CLANG_WARN_UNREACHABLE_CODE = YES;
				CLANG_WARN__DUPLICATE_METHOD_MATCH = YES;
				"CODE_SIGN_IDENTITY[sdk=iphoneos*]" = "iPhone Developer";
				COPY_PHASE_STRIP = NO;
				DEBUG_INFORMATION_FORMAT = dwarf;
				ENABLE_STRICT_OBJC_MSGSEND = YES;
				ENABLE_TESTABILITY = YES;
				GCC_C_LANGUAGE_STANDARD = gnu99;
				GCC_DYNAMIC_NO_PIC = NO;
				GCC_NO_COMMON_BLOCKS = YES;
				GCC_OPTIMIZATION_LEVEL = 0;
				GCC_PREPROCESSOR_DEFINITIONS = (
					"DEBUG=1",
					"$(inherited)",
				);
				GCC_WARN_64_TO_32_BIT_CONVERSION = YES;
				GCC_WARN_ABOUT_RETURN_TYPE = YES_ERROR;
				GCC_WARN_UNDECLARED_SELECTOR = YES;
				GCC_WARN_UNINITIALIZED_AUTOS = YES_AGGRESSIVE;
				GCC_WARN_UNUSED_FUNCTION = YES;
				GCC_WARN_UNUSED_VARIABLE = YES;
				IPHONEOS_DEPLOYMENT_TARGET = 9.3;
				MTL_ENABLE_DEBUG_INFO = YES;
				ONLY_ACTIVE_ARCH = YES;
				SDKROOT = iphoneos;
				SWIFT_OPTIMIZATION_LEVEL = "-Onone";
			};
			name = Debug;
		};
		CF238DAD1D68DB9200BE3152 /* Release */ = {
			isa = XCBuildConfiguration;
			buildSettings = {
				ALWAYS_SEARCH_USER_PATHS = NO;
				CLANG_ANALYZER_NONNULL = YES;
				CLANG_CXX_LANGUAGE_STANDARD = "gnu++0x";
				CLANG_CXX_LIBRARY = "libc++";
				CLANG_ENABLE_MODULES = YES;
				CLANG_ENABLE_OBJC_ARC = YES;
				CLANG_WARN_BOOL_CONVERSION = YES;
				CLANG_WARN_CONSTANT_CONVERSION = YES;
				CLANG_WARN_DIRECT_OBJC_ISA_USAGE = YES_ERROR;
				CLANG_WARN_EMPTY_BODY = YES;
				CLANG_WARN_ENUM_CONVERSION = YES;
				CLANG_WARN_INT_CONVERSION = YES;
				CLANG_WARN_OBJC_ROOT_CLASS = YES_ERROR;
				CLANG_WARN_UNREACHABLE_CODE = YES;
				CLANG_WARN__DUPLICATE_METHOD_MATCH = YES;
				"CODE_SIGN_IDENTITY[sdk=iphoneos*]" = "iPhone Developer";
				COPY_PHASE_STRIP = NO;
				DEBUG_INFORMATION_FORMAT = "dwarf-with-dsym";
				ENABLE_NS_ASSERTIONS = NO;
				ENABLE_STRICT_OBJC_MSGSEND = YES;
				GCC_C_LANGUAGE_STANDARD = gnu99;
				GCC_NO_COMMON_BLOCKS = YES;
				GCC_WARN_64_TO_32_BIT_CONVERSION = YES;
				GCC_WARN_ABOUT_RETURN_TYPE = YES_ERROR;
				GCC_WARN_UNDECLARED_SELECTOR = YES;
				GCC_WARN_UNINITIALIZED_AUTOS = YES_AGGRESSIVE;
				GCC_WARN_UNUSED_FUNCTION = YES;
				GCC_WARN_UNUSED_VARIABLE = YES;
				IPHONEOS_DEPLOYMENT_TARGET = 9.3;
				MTL_ENABLE_DEBUG_INFO = NO;
				SDKROOT = iphoneos;
				VALIDATE_PRODUCT = YES;
			};
			name = Release;
		};
		CF238DAF1D68DB9200BE3152 /* Debug */ = {
			isa = XCBuildConfiguration;
			buildSettings = {
				ASSETCATALOG_COMPILER_APPICON_NAME = AppIcon;
				CODE_SIGN_IDENTITY = "iPhone Developer";
				"CODE_SIGN_IDENTITY[sdk=iphoneos*]" = "iPhone Developer";
				INFOPLIST_FILE = Journal/Info.plist;
				LD_RUNPATH_SEARCH_PATHS = "$(inherited) @executable_path/Frameworks";
				PRODUCT_BUNDLE_IDENTIFIER = com.worldwidemess.Journal;
				PRODUCT_NAME = "$(TARGET_NAME)";
				PROVISIONING_PROFILE = "";
			};
			name = Debug;
		};
		CF238DB01D68DB9200BE3152 /* Release */ = {
			isa = XCBuildConfiguration;
			buildSettings = {
				ASSETCATALOG_COMPILER_APPICON_NAME = AppIcon;
				CODE_SIGN_IDENTITY = "iPhone Developer";
				"CODE_SIGN_IDENTITY[sdk=iphoneos*]" = "iPhone Developer";
				INFOPLIST_FILE = Journal/Info.plist;
				LD_RUNPATH_SEARCH_PATHS = "$(inherited) @executable_path/Frameworks";
				PRODUCT_BUNDLE_IDENTIFIER = com.worldwidemess.Journal;
				PRODUCT_NAME = "$(TARGET_NAME)";
				PROVISIONING_PROFILE = "";
			};
			name = Release;
		};
		CF238DB21D68DB9200BE3152 /* Debug */ = {
			isa = XCBuildConfiguration;
			buildSettings = {
				BUNDLE_LOADER = "$(TEST_HOST)";
				INFOPLIST_FILE = JournalTests/Info.plist;
				LD_RUNPATH_SEARCH_PATHS = "$(inherited) @executable_path/Frameworks @loader_path/Frameworks";
				PRODUCT_BUNDLE_IDENTIFIER = com.worldwidemess.JournalTests;
				PRODUCT_NAME = "$(TARGET_NAME)";
				TEST_HOST = "$(BUILT_PRODUCTS_DIR)/Journal.app/Journal";
			};
			name = Debug;
		};
		CF238DB31D68DB9200BE3152 /* Release */ = {
			isa = XCBuildConfiguration;
			buildSettings = {
				BUNDLE_LOADER = "$(TEST_HOST)";
				INFOPLIST_FILE = JournalTests/Info.plist;
				LD_RUNPATH_SEARCH_PATHS = "$(inherited) @executable_path/Frameworks @loader_path/Frameworks";
				PRODUCT_BUNDLE_IDENTIFIER = com.worldwidemess.JournalTests;
				PRODUCT_NAME = "$(TARGET_NAME)";
				TEST_HOST = "$(BUILT_PRODUCTS_DIR)/Journal.app/Journal";
			};
			name = Release;
		};
/* End XCBuildConfiguration section */

/* Begin XCConfigurationList section */
		CF238D8C1D68DB9200BE3152 /* Build configuration list for PBXProject "Journal" */ = {
			isa = XCConfigurationList;
			buildConfigurations = (
				CF238DAC1D68DB9200BE3152 /* Debug */,
				CF238DAD1D68DB9200BE3152 /* Release */,
			);
			defaultConfigurationIsVisible = 0;
			defaultConfigurationName = Release;
		};
		CF238DAE1D68DB9200BE3152 /* Build configuration list for PBXNativeTarget "Journal" */ = {
			isa = XCConfigurationList;
			buildConfigurations = (
				CF238DAF1D68DB9200BE3152 /* Debug */,
				CF238DB01D68DB9200BE3152 /* Release */,
			);
			defaultConfigurationIsVisible = 0;
			defaultConfigurationName = Release;
		};
		CF238DB11D68DB9200BE3152 /* Build configuration list for PBXNativeTarget "JournalTests" */ = {
			isa = XCConfigurationList;
			buildConfigurations = (
				CF238DB21D68DB9200BE3152 /* Debug */,
				CF238DB31D68DB9200BE3152 /* Release */,
			);
			defaultConfigurationIsVisible = 0;
			defaultConfigurationName = Release;
		};
/* End XCConfigurationList section */

/* Begin XCVersionGroup section */
		CF7E02781DB46A7E00D85ECC /* Model.xcdatamodeld */ = {
			isa = XCVersionGroup;
			children = (
				CF7E02791DB46A7E00D85ECC /* Model.xcdatamodel */,
			);
			currentVersion = CF7E02791DB46A7E00D85ECC /* Model.xcdatamodel */;
			path = Model.xcdatamodeld;
			sourceTree = "<group>";
			versionGroupType = wrapper.xcdatamodel;
		};
/* End XCVersionGroup section */
	};
	rootObject = CF238D891D68DB9200BE3152 /* Project object */;
}
